
Microsoft Visual Studio Solution File, Format Version 12.00
# Visual Studio 2013
VisualStudioVersion = 12.0.30110.0
MinimumVisualStudioVersion = 10.0.40219.1
Project("{FAE04EC0-301F-11D3-BF4B-00C04F79EFBC}") = "MathUtils", "MathUtils\MathUtils.csproj", "{4C421CA4-E894-4565-95D6-F403D9450E5E}"
EndProject
Project("{FAE04EC0-301F-11D3-BF4B-00C04F79EFBC}") = "MathUtils.Test", "MathUtils.Test\MathUtils.Test.csproj", "{6FF4282D-DC82-46A4-BBD7-06D1156A7FB8}"
EndProject
Global
	GlobalSection(SolutionConfigurationPlatforms) = preSolution
		Debug|Any CPU = Debug|Any CPU
		Release|Any CPU = Release|Any CPU
	EndGlobalSection
	GlobalSection(ProjectConfigurationPlatforms) = postSolution
		{4C421CA4-E894-4565-95D6-F403D9450E5E}.Debug|Any CPU.ActiveCfg = Debug|Any CPU
		{4C421CA4-E894-4565-95D6-F403D9450E5E}.Debug|Any CPU.Build.0 = Debug|Any CPU
		{4C421CA4-E894-4565-95D6-F403D9450E5E}.Release|Any CPU.ActiveCfg = Release|Any CPU
		{4C421CA4-E894-4565-95D6-F403D9450E5E}.Release|Any CPU.Build.0 = Release|Any CPU
		{6FF4282D-DC82-46A4-BBD7-06D1156A7FB8}.Debug|Any CPU.ActiveCfg = Debug|Any CPU
		{6FF4282D-DC82-46A4-BBD7-06D1156A7FB8}.Debug|Any CPU.Build.0 = Debug|Any CPU
		{6FF4282D-DC82-46A4-BBD7-06D1156A7FB8}.Release|Any CPU.ActiveCfg = Release|Any CPU
		{6FF4282D-DC82-46A4-BBD7-06D1156A7FB8}.Release|Any CPU.Build.0 = Release|Any CPU
	EndGlobalSection
	GlobalSection(SolutionProperties) = preSolution
		HideSolutionNode = FALSE
	EndGlobalSection
	GlobalSection(CodealikeProperties) = postSolution
		SolutionGuid = 28023f4c-1aea-4d2d-a8d4-15f6469146e1
	EndGlobalSection
EndGlobal
